
Microsoft Visual Studio Solution File, Format Version 12.00
# Visual Studio Version 17
VisualStudioVersion = 17.6.33815.320
MinimumVisualStudioVersion = 10.0.40219.1
Project("{9A19103F-16F7-4668-BE54-9A1E7A4F7556}") = "HDA.Api", "HDA.Api\HDA.Api\HDA.Api.csproj", "{B2569038-2330-4087-898F-DC3ED1DD2302}"
EndProject
Project("{9A19103F-16F7-4668-BE54-9A1E7A4F7556}") = "HDA.Business", "HDA.Api\HDA.Business\HDA.Business.csproj", "{5877C990-B558-4E8F-97CB-0E0227AF7BE0}"
EndProject
Project("{9A19103F-16F7-4668-BE54-9A1E7A4F7556}") = "HDA.Domain", "HDA.Api\HDA.Domain\HDA.Domain.csproj", "{248B0771-551B-4CDE-9F72-360981681EE3}"
EndProject
Global
	GlobalSection(SolutionConfigurationPlatforms) = preSolution
		Debug|Any CPU = Debug|Any CPU
		Release|Any CPU = Release|Any CPU
	EndGlobalSection
	GlobalSection(ProjectConfigurationPlatforms) = postSolution
		{B2569038-2330-4087-898F-DC3ED1DD2302}.Debug|Any CPU.ActiveCfg = Debug|Any CPU
		{B2569038-2330-4087-898F-DC3ED1DD2302}.Debug|Any CPU.Build.0 = Debug|Any CPU
		{B2569038-2330-4087-898F-DC3ED1DD2302}.Release|Any CPU.ActiveCfg = Release|Any CPU
		{B2569038-2330-4087-898F-DC3ED1DD2302}.Release|Any CPU.Build.0 = Release|Any CPU
		{5877C990-B558-4E8F-97CB-0E0227AF7BE0}.Debug|Any CPU.ActiveCfg = Debug|Any CPU
		{5877C990-B558-4E8F-97CB-0E0227AF7BE0}.Debug|Any CPU.Build.0 = Debug|Any CPU
		{5877C990-B558-4E8F-97CB-0E0227AF7BE0}.Release|Any CPU.ActiveCfg = Release|Any CPU
		{5877C990-B558-4E8F-97CB-0E0227AF7BE0}.Release|Any CPU.Build.0 = Release|Any CPU
		{248B0771-551B-4CDE-9F72-360981681EE3}.Debug|Any CPU.ActiveCfg = Debug|Any CPU
		{248B0771-551B-4CDE-9F72-360981681EE3}.Debug|Any CPU.Build.0 = Debug|Any CPU
		{248B0771-551B-4CDE-9F72-360981681EE3}.Release|Any CPU.ActiveCfg = Release|Any CPU
		{248B0771-551B-4CDE-9F72-360981681EE3}.Release|Any CPU.Build.0 = Release|Any CPU
	EndGlobalSection
	GlobalSection(SolutionProperties) = preSolution
		HideSolutionNode = FALSE
	EndGlobalSection
	GlobalSection(ExtensibilityGlobals) = postSolution
		SolutionGuid = {F1F7397F-2902-4B82-8C39-D8D089EB415D}
	EndGlobalSection
EndGlobal
